
Microsoft Visual Studio Solution File, Format Version 12.00
# Visual Studio Version 17
VisualStudioVersion = 17.7.34031.279
MinimumVisualStudioVersion = 10.0.40219.1
Project("{FAE04EC0-301F-11D3-BF4B-00C04F79EFBC}") = "APIs", "APIs\APIs.csproj", "{1EB24B30-7BF9-4DA6-938C-6F6E99F8C301}"
EndProject
Global
	GlobalSection(SolutionConfigurationPlatforms) = preSolution
		Debug|Any CPU = Debug|Any CPU
		Release|Any CPU = Release|Any CPU
	EndGlobalSection
	GlobalSection(ProjectConfigurationPlatforms) = postSolution
		{1EB24B30-7BF9-4DA6-938C-6F6E99F8C301}.Debug|Any CPU.ActiveCfg = Debug|Any CPU
		{1EB24B30-7BF9-4DA6-938C-6F6E99F8C301}.Debug|Any CPU.Build.0 = Debug|Any CPU
		{1EB24B30-7BF9-4DA6-938C-6F6E99F8C301}.Release|Any CPU.ActiveCfg = Release|Any CPU
		{1EB24B30-7BF9-4DA6-938C-6F6E99F8C301}.Release|Any CPU.Build.0 = Release|Any CPU
	EndGlobalSection
	GlobalSection(SolutionProperties) = preSolution
		HideSolutionNode = FALSE
	EndGlobalSection
	GlobalSection(ExtensibilityGlobals) = postSolution
		SolutionGuid = {A8A18B4D-C034-41F5-B610-9B6DAEB80957}
	EndGlobalSection
EndGlobal
